
Microsoft Visual Studio Solution File, Format Version 12.00
# Visual Studio Version 16
VisualStudioVersion = 16.0.29020.237
MinimumVisualStudioVersion = 10.0.40219.1
Project("{E24C65DC-7377-472B-9ABA-BC803B73C61A}") = "wsVcentral-V01", "wsVcentral-V01\", "{E1348FED-C014-47F6-A929-D22E108400B8}"
	ProjectSection(WebsiteProperties) = preProject
		TargetFrameworkMoniker = ".NETFramework,Version%3Dv4.6.1"
		ProjectReferences = "{ea1e0adc-7ce7-4ee6-bb67-817ebac566e1}|ClasesApi.dll;"
		Debug.AspNetCompiler.VirtualPath = "/localhost_9042"
		Debug.AspNetCompiler.PhysicalPath = "wsVcentral-V01\"
		Debug.AspNetCompiler.TargetPath = "PrecompiledWeb\localhost_9042\"
		Debug.AspNetCompiler.Updateable = "true"
		Debug.AspNetCompiler.ForceOverwrite = "true"
		Debug.AspNetCompiler.FixedNames = "false"
		Debug.AspNetCompiler.Debug = "True"
		Release.AspNetCompiler.VirtualPath = "/localhost_9042"
		Release.AspNetCompiler.PhysicalPath = "wsVcentral-V01\"
		Release.AspNetCompiler.TargetPath = "PrecompiledWeb\localhost_9042\"
		Release.AspNetCompiler.Updateable = "true"
		Release.AspNetCompiler.ForceOverwrite = "true"
		Release.AspNetCompiler.FixedNames = "false"
		Release.AspNetCompiler.Debug = "False"
		VWDPort = "9042"
		SlnRelativePath = "wsVcentral-V01\"
		DefaultWebSiteLanguage = "Visual C#"
	EndProjectSection
EndProject
Project("{E24C65DC-7377-472B-9ABA-BC803B73C61A}") = "ClienteWS", "ClienteWS\", "{E75F864C-E40E-4F96-B74D-AB706465AD6F}"
	ProjectSection(WebsiteProperties) = preProject
		TargetFrameworkMoniker = ".NETFramework,Version%3Dv4.6.1"
		ProjectReferences = "{ea1e0adc-7ce7-4ee6-bb67-817ebac566e1}|ClasesApi.dll;{5cf26bbd-da04-42e0-ace6-78c5ba3db123}|Entidades.dll;{f03c5840-826a-44f8-a4e2-5d3444dbb182}|Umas.DALC.dll;{6c85dd07-28a7-4f95-b1a1-3a7e0db23b4b}|Umas.Negiocio.dll;"
		Debug.AspNetCompiler.VirtualPath = "/localhost_9058"
		Debug.AspNetCompiler.PhysicalPath = "ClienteWS\"
		Debug.AspNetCompiler.TargetPath = "PrecompiledWeb\localhost_9058\"
		Debug.AspNetCompiler.Updateable = "true"
		Debug.AspNetCompiler.ForceOverwrite = "true"
		Debug.AspNetCompiler.FixedNames = "false"
		Debug.AspNetCompiler.Debug = "True"
		Release.AspNetCompiler.VirtualPath = "/localhost_9058"
		Release.AspNetCompiler.PhysicalPath = "ClienteWS\"
		Release.AspNetCompiler.TargetPath = "PrecompiledWeb\localhost_9058\"
		Release.AspNetCompiler.Updateable = "true"
		Release.AspNetCompiler.ForceOverwrite = "true"
		Release.AspNetCompiler.FixedNames = "false"
		Release.AspNetCompiler.Debug = "False"
		VWDPort = "9058"
		SlnRelativePath = "ClienteWS\"
		DefaultWebSiteLanguage = "Visual C#"
	EndProjectSection
	ProjectSection(ProjectDependencies) = postProject
		{E1348FED-C014-47F6-A929-D22E108400B8} = {E1348FED-C014-47F6-A929-D22E108400B8}
	EndProjectSection
EndProject
Project("{FAE04EC0-301F-11D3-BF4B-00C04F79EFBC}") = "ClasesApi", "ClasesApi\ClasesApi.csproj", "{EA1E0ADC-7CE7-4EE6-BB67-817EBAC566E1}"
EndProject
Project("{FAE04EC0-301F-11D3-BF4B-00C04F79EFBC}") = "Entidades", "Entidades\Entidades.csproj", "{5CF26BBD-DA04-42E0-ACE6-78C5BA3DB123}"
EndProject
Project("{FAE04EC0-301F-11D3-BF4B-00C04F79EFBC}") = "Umas.DALC", "Umas.DALC\Umas.DALC.csproj", "{F03C5840-826A-44F8-A4E2-5D3444DBB182}"
EndProject
Project("{FAE04EC0-301F-11D3-BF4B-00C04F79EFBC}") = "Umas.Negocio", "Umas.Negiocio\Umas.Negocio.csproj", "{6C85DD07-28A7-4F95-B1A1-3A7E0DB23B4B}"
EndProject
Project("{FAE04EC0-301F-11D3-BF4B-00C04F79EFBC}") = "ServiceCRUD", "ServiceCRUD\ServiceCRUD.csproj", "{8C746B36-AD6B-4CB9-BC5E-601036B84F8A}"
EndProject
Project("{2150E333-8FDC-42A3-9474-1A3956D46DE8}") = "img", "img", "{3EA279E1-A611-478E-A663-472B92885C80}"
	ProjectSection(SolutionItems) = preProject
		img\fondo.jpg = img\fondo.jpg
	EndProjectSection
EndProject
Global
	GlobalSection(SolutionConfigurationPlatforms) = preSolution
		Debug|Any CPU = Debug|Any CPU
		Release|Any CPU = Release|Any CPU
	EndGlobalSection
	GlobalSection(ProjectConfigurationPlatforms) = postSolution
		{E1348FED-C014-47F6-A929-D22E108400B8}.Debug|Any CPU.ActiveCfg = Debug|Any CPU
		{E1348FED-C014-47F6-A929-D22E108400B8}.Debug|Any CPU.Build.0 = Debug|Any CPU
		{E1348FED-C014-47F6-A929-D22E108400B8}.Release|Any CPU.ActiveCfg = Debug|Any CPU
		{E1348FED-C014-47F6-A929-D22E108400B8}.Release|Any CPU.Build.0 = Debug|Any CPU
		{E75F864C-E40E-4F96-B74D-AB706465AD6F}.Debug|Any CPU.ActiveCfg = Debug|Any CPU
		{E75F864C-E40E-4F96-B74D-AB706465AD6F}.Debug|Any CPU.Build.0 = Debug|Any CPU
		{E75F864C-E40E-4F96-B74D-AB706465AD6F}.Release|Any CPU.ActiveCfg = Debug|Any CPU
		{E75F864C-E40E-4F96-B74D-AB706465AD6F}.Release|Any CPU.Build.0 = Debug|Any CPU
		{EA1E0ADC-7CE7-4EE6-BB67-817EBAC566E1}.Debug|Any CPU.ActiveCfg = Debug|Any CPU
		{EA1E0ADC-7CE7-4EE6-BB67-817EBAC566E1}.Debug|Any CPU.Build.0 = Debug|Any CPU
		{EA1E0ADC-7CE7-4EE6-BB67-817EBAC566E1}.Release|Any CPU.ActiveCfg = Release|Any CPU
		{EA1E0ADC-7CE7-4EE6-BB67-817EBAC566E1}.Release|Any CPU.Build.0 = Release|Any CPU
		{5CF26BBD-DA04-42E0-ACE6-78C5BA3DB123}.Debug|Any CPU.ActiveCfg = Debug|Any CPU
		{5CF26BBD-DA04-42E0-ACE6-78C5BA3DB123}.Debug|Any CPU.Build.0 = Debug|Any CPU
		{5CF26BBD-DA04-42E0-ACE6-78C5BA3DB123}.Release|Any CPU.ActiveCfg = Release|Any CPU
		{5CF26BBD-DA04-42E0-ACE6-78C5BA3DB123}.Release|Any CPU.Build.0 = Release|Any CPU
		{F03C5840-826A-44F8-A4E2-5D3444DBB182}.Debug|Any CPU.ActiveCfg = Debug|Any CPU
		{F03C5840-826A-44F8-A4E2-5D3444DBB182}.Debug|Any CPU.Build.0 = Debug|Any CPU
		{F03C5840-826A-44F8-A4E2-5D3444DBB182}.Release|Any CPU.ActiveCfg = Release|Any CPU
		{F03C5840-826A-44F8-A4E2-5D3444DBB182}.Release|Any CPU.Build.0 = Release|Any CPU
		{6C85DD07-28A7-4F95-B1A1-3A7E0DB23B4B}.Debug|Any CPU.ActiveCfg = Debug|Any CPU
		{6C85DD07-28A7-4F95-B1A1-3A7E0DB23B4B}.Debug|Any CPU.Build.0 = Debug|Any CPU
		{6C85DD07-28A7-4F95-B1A1-3A7E0DB23B4B}.Release|Any CPU.ActiveCfg = Release|Any CPU
		{6C85DD07-28A7-4F95-B1A1-3A7E0DB23B4B}.Release|Any CPU.Build.0 = Release|Any CPU
		{8C746B36-AD6B-4CB9-BC5E-601036B84F8A}.Debug|Any CPU.ActiveCfg = Debug|Any CPU
		{8C746B36-AD6B-4CB9-BC5E-601036B84F8A}.Debug|Any CPU.Build.0 = Debug|Any CPU
		{8C746B36-AD6B-4CB9-BC5E-601036B84F8A}.Release|Any CPU.ActiveCfg = Release|Any CPU
		{8C746B36-AD6B-4CB9-BC5E-601036B84F8A}.Release|Any CPU.Build.0 = Release|Any CPU
	EndGlobalSection
	GlobalSection(SolutionProperties) = preSolution
		HideSolutionNode = FALSE
	EndGlobalSection
	GlobalSection(ExtensibilityGlobals) = postSolution
		SolutionGuid = {3E00A844-7632-429C-9B6D-89496B53C2CD}
	EndGlobalSection
EndGlobal
